// !$*UTF8*$!
{
	archiveVersion = 1;
	classes = {
	};
	objectVersion = 77;
	objects = {

/* Begin PBXBuildFile section */
		110811DA2D4D66970016D3AA /* WidgetKit.framework in Frameworks */ = {isa = PBXBuildFile; fileRef = 110811D92D4D66970016D3AA /* WidgetKit.framework */; };
		110811DC2D4D66970016D3AA /* SwiftUI.framework in Frameworks */ = {isa = PBXBuildFile; fileRef = 110811DB2D4D66970016D3AA /* SwiftUI.framework */; };
		110811ED2D4D66980016D3AA /* GGBWidgetExtension.appex in Embed Foundation Extensions */ = {isa = PBXBuildFile; fileRef = 110811D72D4D66970016D3AA /* GGBWidgetExtension.appex */; settings = {ATTRIBUTES = (RemoveHeadersOnCopy, ); }; };
		11138E682D3450DA00B6E9B6 /* Inject in Frameworks */ = {isa = PBXBuildFile; productRef = 11138E672D3450DA00B6E9B6 /* Inject */; };
/* End PBXBuildFile section */

/* Begin PBXContainerItemProxy section */
		110811EB2D4D66980016D3AA /* PBXContainerItemProxy */ = {
			isa = PBXContainerItemProxy;
			containerPortal = 11138E312D34501B00B6E9B6 /* Project object */;
			proxyType = 1;
			remoteGlobalIDString = 110811D62D4D66970016D3AA;
			remoteInfo = GGBWidgetExtension;
		};
		11138E4A2D34501C00B6E9B6 /* PBXContainerItemProxy */ = {
			isa = PBXContainerItemProxy;
			containerPortal = 11138E312D34501B00B6E9B6 /* Project object */;
			proxyType = 1;
			remoteGlobalIDString = 11138E382D34501B00B6E9B6;
			remoteInfo = SS2;
		};
		11138E542D34501C00B6E9B6 /* PBXContainerItemProxy */ = {
			isa = PBXContainerItemProxy;
			containerPortal = 11138E312D34501B00B6E9B6 /* Project object */;
			proxyType = 1;
			remoteGlobalIDString = 11138E382D34501B00B6E9B6;
			remoteInfo = SS2;
		};
/* End PBXContainerItemProxy section */

/* Begin PBXCopyFilesBuildPhase section */
		110811EE2D4D66980016D3AA /* Embed Foundation Extensions */ = {
			isa = PBXCopyFilesBuildPhase;
			buildActionMask = 2147483647;
			dstPath = "";
			dstSubfolderSpec = 13;
			files = (
				110811ED2D4D66980016D3AA /* GGBWidgetExtension.appex in Embed Foundation Extensions */,
			);
			name = "Embed Foundation Extensions";
			runOnlyForDeploymentPostprocessing = 0;
		};
/* End PBXCopyFilesBuildPhase section */

/* Begin PBXFileReference section */
		110811D72D4D66970016D3AA /* GGBWidgetExtension.appex */ = {isa = PBXFileReference; explicitFileType = "wrapper.app-extension"; includeInIndex = 0; path = GGBWidgetExtension.appex; sourceTree = BUILT_PRODUCTS_DIR; };
		110811D92D4D66970016D3AA /* WidgetKit.framework */ = {isa = PBXFileReference; lastKnownFileType = wrapper.framework; name = WidgetKit.framework; path = System/Library/Frameworks/WidgetKit.framework; sourceTree = SDKROOT; };
		110811DB2D4D66970016D3AA /* SwiftUI.framework */ = {isa = PBXFileReference; lastKnownFileType = wrapper.framework; name = SwiftUI.framework; path = System/Library/Frameworks/SwiftUI.framework; sourceTree = SDKROOT; };
		11138E392D34501B00B6E9B6 /* GGB Weather.app */ = {isa = PBXFileReference; explicitFileType = wrapper.application; includeInIndex = 0; path = "GGB Weather.app"; sourceTree = BUILT_PRODUCTS_DIR; };
		11138E492D34501C00B6E9B6 /* GGB WeatherTests.xctest */ = {isa = PBXFileReference; explicitFileType = wrapper.cfbundle; includeInIndex = 0; path = "GGB WeatherTests.xctest"; sourceTree = BUILT_PRODUCTS_DIR; };
		11138E532D34501C00B6E9B6 /* GGB WeatherUITests.xctest */ = {isa = PBXFileReference; explicitFileType = wrapper.cfbundle; includeInIndex = 0; path = "GGB WeatherUITests.xctest"; sourceTree = BUILT_PRODUCTS_DIR; };
/* End PBXFileReference section */

/* Begin PBXFileSystemSynchronizedBuildFileExceptionSet section */
		110811F12D4D66980016D3AA /* Exceptions for "GGBWidget" folder in "GGBWidgetExtension" target */ = {
			isa = PBXFileSystemSynchronizedBuildFileExceptionSet;
			membershipExceptions = (
				Info.plist,
			);
			target = 110811D62D4D66970016D3AA /* GGBWidgetExtension */;
		};
/* End PBXFileSystemSynchronizedBuildFileExceptionSet section */

/* Begin PBXFileSystemSynchronizedRootGroup section */
		110811DD2D4D66970016D3AA /* GGBWidget */ = {
			isa = PBXFileSystemSynchronizedRootGroup;
			exceptions = (
				110811F12D4D66980016D3AA /* Exceptions for "GGBWidget" folder in "GGBWidgetExtension" target */,
			);
			path = GGBWidget;
			sourceTree = "<group>";
		};
		11138E3B2D34501B00B6E9B6 /* SS2 */ = {
			isa = PBXFileSystemSynchronizedRootGroup;
			path = SS2;
			sourceTree = "<group>";
		};
		11138E4C2D34501C00B6E9B6 /* SS2Tests */ = {
			isa = PBXFileSystemSynchronizedRootGroup;
			path = SS2Tests;
			sourceTree = "<group>";
		};
		11138E562D34501C00B6E9B6 /* SS2UITests */ = {
			isa = PBXFileSystemSynchronizedRootGroup;
			path = SS2UITests;
			sourceTree = "<group>";
		};
/* End PBXFileSystemSynchronizedRootGroup section */

/* Begin PBXFrameworksBuildPhase section */
		110811D42D4D66970016D3AA /* Frameworks */ = {
			isa = PBXFrameworksBuildPhase;
			buildActionMask = 2147483647;
			files = (
				110811DC2D4D66970016D3AA /* SwiftUI.framework in Frameworks */,
				110811DA2D4D66970016D3AA /* WidgetKit.framework in Frameworks */,
			);
			runOnlyForDeploymentPostprocessing = 0;
		};
		11138E362D34501B00B6E9B6 /* Frameworks */ = {
			isa = PBXFrameworksBuildPhase;
			buildActionMask = 2147483647;
			files = (
				11138E682D3450DA00B6E9B6 /* Inject in Frameworks */,
			);
			runOnlyForDeploymentPostprocessing = 0;
		};
		11138E462D34501C00B6E9B6 /* Frameworks */ = {
			isa = PBXFrameworksBuildPhase;
			buildActionMask = 2147483647;
			files = (
			);
			runOnlyForDeploymentPostprocessing = 0;
		};
		11138E502D34501C00B6E9B6 /* Frameworks */ = {
			isa = PBXFrameworksBuildPhase;
			buildActionMask = 2147483647;
			files = (
			);
			runOnlyForDeploymentPostprocessing = 0;
		};
/* End PBXFrameworksBuildPhase section */

/* Begin PBXGroup section */
		110811D82D4D66970016D3AA /* Frameworks */ = {
			isa = PBXGroup;
			children = (
				110811D92D4D66970016D3AA /* WidgetKit.framework */,
				110811DB2D4D66970016D3AA /* SwiftUI.framework */,
			);
			name = Frameworks;
			sourceTree = "<group>";
		};
		11138E302D34501B00B6E9B6 = {
			isa = PBXGroup;
			children = (
				11138E3B2D34501B00B6E9B6 /* SS2 */,
				11138E4C2D34501C00B6E9B6 /* SS2Tests */,
				11138E562D34501C00B6E9B6 /* SS2UITests */,
				110811DD2D4D66970016D3AA /* GGBWidget */,
				110811D82D4D66970016D3AA /* Frameworks */,
				11138E3A2D34501B00B6E9B6 /* Products */,
			);
			sourceTree = "<group>";
		};
		11138E3A2D34501B00B6E9B6 /* Products */ = {
			isa = PBXGroup;
			children = (
				11138E392D34501B00B6E9B6 /* GGB Weather.app */,
				11138E492D34501C00B6E9B6 /* GGB WeatherTests.xctest */,
				11138E532D34501C00B6E9B6 /* GGB WeatherUITests.xctest */,
				110811D72D4D66970016D3AA /* GGBWidgetExtension.appex */,
			);
			name = Products;
			sourceTree = "<group>";
		};
/* End PBXGroup section */

/* Begin PBXNativeTarget section */
		110811D62D4D66970016D3AA /* GGBWidgetExtension */ = {
			isa = PBXNativeTarget;
			buildConfigurationList = 110811F22D4D66980016D3AA /* Build configuration list for PBXNativeTarget "GGBWidgetExtension" */;
			buildPhases = (
				110811D32D4D66970016D3AA /* Sources */,
				110811D42D4D66970016D3AA /* Frameworks */,
				110811D52D4D66970016D3AA /* Resources */,
			);
			buildRules = (
			);
			dependencies = (
			);
			fileSystemSynchronizedGroups = (
				110811DD2D4D66970016D3AA /* GGBWidget */,
			);
			name = GGBWidgetExtension;
			packageProductDependencies = (
			);
			productName = GGBWidgetExtension;
			productReference = 110811D72D4D66970016D3AA /* GGBWidgetExtension.appex */;
			productType = "com.apple.product-type.app-extension";
		};
		11138E382D34501B00B6E9B6 /* GGB Weather */ = {
			isa = PBXNativeTarget;
			buildConfigurationList = 11138E5D2D34501C00B6E9B6 /* Build configuration list for PBXNativeTarget "GGB Weather" */;
			buildPhases = (
				11138E352D34501B00B6E9B6 /* Sources */,
				11138E362D34501B00B6E9B6 /* Frameworks */,
				11138E372D34501B00B6E9B6 /* Resources */,
				110811EE2D4D66980016D3AA /* Embed Foundation Extensions */,
			);
			buildRules = (
			);
			dependencies = (
				110811EC2D4D66980016D3AA /* PBXTargetDependency */,
			);
			fileSystemSynchronizedGroups = (
				11138E3B2D34501B00B6E9B6 /* SS2 */,
			);
			name = "GGB Weather";
			packageProductDependencies = (
				11138E672D3450DA00B6E9B6 /* Inject */,
			);
			productName = SS2;
			productReference = 11138E392D34501B00B6E9B6 /* GGB Weather.app */;
			productType = "com.apple.product-type.application";
		};
		11138E482D34501C00B6E9B6 /* GGB WeatherTests */ = {
			isa = PBXNativeTarget;
			buildConfigurationList = 11138E602D34501C00B6E9B6 /* Build configuration list for PBXNativeTarget "GGB WeatherTests" */;
			buildPhases = (
				11138E452D34501C00B6E9B6 /* Sources */,
				11138E462D34501C00B6E9B6 /* Frameworks */,
				11138E472D34501C00B6E9B6 /* Resources */,
			);
			buildRules = (
			);
			dependencies = (
				11138E4B2D34501C00B6E9B6 /* PBXTargetDependency */,
			);
			fileSystemSynchronizedGroups = (
				11138E4C2D34501C00B6E9B6 /* SS2Tests */,
			);
			name = "GGB WeatherTests";
			packageProductDependencies = (
			);
			productName = SS2Tests;
			productReference = 11138E492D34501C00B6E9B6 /* GGB WeatherTests.xctest */;
			productType = "com.apple.product-type.bundle.unit-test";
		};
		11138E522D34501C00B6E9B6 /* GGB WeatherUITests */ = {
			isa = PBXNativeTarget;
			buildConfigurationList = 11138E632D34501C00B6E9B6 /* Build configuration list for PBXNativeTarget "GGB WeatherUITests" */;
			buildPhases = (
				11138E4F2D34501C00B6E9B6 /* Sources */,
				11138E502D34501C00B6E9B6 /* Frameworks */,
				11138E512D34501C00B6E9B6 /* Resources */,
			);
			buildRules = (
			);
			dependencies = (
				11138E552D34501C00B6E9B6 /* PBXTargetDependency */,
			);
			fileSystemSynchronizedGroups = (
				11138E562D34501C00B6E9B6 /* SS2UITests */,
			);
			name = "GGB WeatherUITests";
			packageProductDependencies = (
			);
			productName = SS2UITests;
			productReference = 11138E532D34501C00B6E9B6 /* GGB WeatherUITests.xctest */;
			productType = "com.apple.product-type.bundle.ui-testing";
		};
/* End PBXNativeTarget section */

/* Begin PBXProject section */
		11138E312D34501B00B6E9B6 /* Project object */ = {
			isa = PBXProject;
			attributes = {
				BuildIndependentTargetsInParallel = 1;
				LastSwiftUpdateCheck = 1620;
				LastUpgradeCheck = 1620;
				TargetAttributes = {
					110811D62D4D66970016D3AA = {
						CreatedOnToolsVersion = 16.2;
					};
					11138E382D34501B00B6E9B6 = {
						CreatedOnToolsVersion = 16.2;
					};
					11138E482D34501C00B6E9B6 = {
						CreatedOnToolsVersion = 16.2;
						TestTargetID = 11138E382D34501B00B6E9B6;
					};
					11138E522D34501C00B6E9B6 = {
						CreatedOnToolsVersion = 16.2;
						TestTargetID = 11138E382D34501B00B6E9B6;
					};
				};
			};
			buildConfigurationList = 11138E342D34501B00B6E9B6 /* Build configuration list for PBXProject "GGB Weather" */;
			developmentRegion = en;
			hasScannedForEncodings = 0;
			knownRegions = (
				en,
				Base,
			);
			mainGroup = 11138E302D34501B00B6E9B6;
			minimizedProjectReferenceProxies = 1;
			packageReferences = (
				11138E662D3450DA00B6E9B6 /* XCRemoteSwiftPackageReference "Inject" */,
			);
			preferredProjectObjectVersion = 77;
			productRefGroup = 11138E3A2D34501B00B6E9B6 /* Products */;
			projectDirPath = "";
			projectRoot = "";
			targets = (
				11138E382D34501B00B6E9B6 /* GGB Weather */,
				11138E482D34501C00B6E9B6 /* GGB WeatherTests */,
				11138E522D34501C00B6E9B6 /* GGB WeatherUITests */,
				110811D62D4D66970016D3AA /* GGBWidgetExtension */,
			);
		};
/* End PBXProject section */

/* Begin PBXResourcesBuildPhase section */
		110811D52D4D66970016D3AA /* Resources */ = {
			isa = PBXResourcesBuildPhase;
			buildActionMask = 2147483647;
			files = (
			);
			runOnlyForDeploymentPostprocessing = 0;
		};
		11138E372D34501B00B6E9B6 /* Resources */ = {
			isa = PBXResourcesBuildPhase;
			buildActionMask = 2147483647;
			files = (
			);
			runOnlyForDeploymentPostprocessing = 0;
		};
		11138E472D34501C00B6E9B6 /* Resources */ = {
			isa = PBXResourcesBuildPhase;
			buildActionMask = 2147483647;
			files = (
			);
			runOnlyForDeploymentPostprocessing = 0;
		};
		11138E512D34501C00B6E9B6 /* Resources */ = {
			isa = PBXResourcesBuildPhase;
			buildActionMask = 2147483647;
			files = (
			);
			runOnlyForDeploymentPostprocessing = 0;
		};
/* End PBXResourcesBuildPhase section */

/* Begin PBXSourcesBuildPhase section */
		110811D32D4D66970016D3AA /* Sources */ = {
			isa = PBXSourcesBuildPhase;
			buildActionMask = 2147483647;
			files = (
			);
			runOnlyForDeploymentPostprocessing = 0;
		};
		11138E352D34501B00B6E9B6 /* Sources */ = {
			isa = PBXSourcesBuildPhase;
			buildActionMask = 2147483647;
			files = (
			);
			runOnlyForDeploymentPostprocessing = 0;
		};
		11138E452D34501C00B6E9B6 /* Sources */ = {
			isa = PBXSourcesBuildPhase;
			buildActionMask = 2147483647;
			files = (
			);
			runOnlyForDeploymentPostprocessing = 0;
		};
		11138E4F2D34501C00B6E9B6 /* Sources */ = {
			isa = PBXSourcesBuildPhase;
			buildActionMask = 2147483647;
			files = (
			);
			runOnlyForDeploymentPostprocessing = 0;
		};
/* End PBXSourcesBuildPhase section */

/* Begin PBXTargetDependency section */
		110811EC2D4D66980016D3AA /* PBXTargetDependency */ = {
			isa = PBXTargetDependency;
			target = 110811D62D4D66970016D3AA /* GGBWidgetExtension */;
			targetProxy = 110811EB2D4D66980016D3AA /* PBXContainerItemProxy */;
		};
		11138E4B2D34501C00B6E9B6 /* PBXTargetDependency */ = {
			isa = PBXTargetDependency;
			target = 11138E382D34501B00B6E9B6 /* GGB Weather */;
			targetProxy = 11138E4A2D34501C00B6E9B6 /* PBXContainerItemProxy */;
		};
		11138E552D34501C00B6E9B6 /* PBXTargetDependency */ = {
			isa = PBXTargetDependency;
			target = 11138E382D34501B00B6E9B6 /* GGB Weather */;
			targetProxy = 11138E542D34501C00B6E9B6 /* PBXContainerItemProxy */;
		};
/* End PBXTargetDependency section */

/* Begin XCBuildConfiguration section */
		110811EF2D4D66980016D3AA /* Debug */ = {
			isa = XCBuildConfiguration;
			buildSettings = {
				ASSETCATALOG_COMPILER_GLOBAL_ACCENT_COLOR_NAME = AccentColor;
				ASSETCATALOG_COMPILER_WIDGET_BACKGROUND_COLOR_NAME = WidgetBackground;
				CODE_SIGN_STYLE = Automatic;
				CURRENT_PROJECT_VERSION = 1;
				DEVELOPMENT_TEAM = 837Z6X9D9M;
				GENERATE_INFOPLIST_FILE = YES;
				INFOPLIST_FILE = GGBWidget/Info.plist;
				INFOPLIST_KEY_CFBundleDisplayName = GGBWidget;
				INFOPLIST_KEY_NSHumanReadableCopyright = "";
				LD_RUNPATH_SEARCH_PATHS = (
					"$(inherited)",
					"@executable_path/Frameworks",
					"@executable_path/../../Frameworks",
				);
				MARKETING_VERSION = 1.0;
				PRODUCT_BUNDLE_IDENTIFIER = generouscorp.SS2.GGBWidget;
				PRODUCT_NAME = "$(TARGET_NAME)";
				SKIP_INSTALL = YES;
				SWIFT_EMIT_LOC_STRINGS = YES;
				SWIFT_VERSION = 5.0;
				TARGETED_DEVICE_FAMILY = "1,2";
			};
			name = Debug;
		};
		110811F02D4D66980016D3AA /* Release */ = {
			isa = XCBuildConfiguration;
			buildSettings = {
				ASSETCATALOG_COMPILER_GLOBAL_ACCENT_COLOR_NAME = AccentColor;
				ASSETCATALOG_COMPILER_WIDGET_BACKGROUND_COLOR_NAME = WidgetBackground;
				CODE_SIGN_STYLE = Automatic;
				CURRENT_PROJECT_VERSION = 1;
				DEVELOPMENT_TEAM = 837Z6X9D9M;
				GENERATE_INFOPLIST_FILE = YES;
				INFOPLIST_FILE = GGBWidget/Info.plist;
				INFOPLIST_KEY_CFBundleDisplayName = GGBWidget;
				INFOPLIST_KEY_NSHumanReadableCopyright = "";
				LD_RUNPATH_SEARCH_PATHS = (
					"$(inherited)",
					"@executable_path/Frameworks",
					"@executable_path/../../Frameworks",
				);
				MARKETING_VERSION = 1.0;
				PRODUCT_BUNDLE_IDENTIFIER = generouscorp.SS2.GGBWidget;
				PRODUCT_NAME = "$(TARGET_NAME)";
				SKIP_INSTALL = YES;
				SWIFT_EMIT_LOC_STRINGS = YES;
				SWIFT_VERSION = 5.0;
				TARGETED_DEVICE_FAMILY = "1,2";
			};
			name = Release;
		};
		11138E5B2D34501C00B6E9B6 /* Debug */ = {
			isa = XCBuildConfiguration;
			buildSettings = {
				ALWAYS_SEARCH_USER_PATHS = NO;
				ASSETCATALOG_COMPILER_GENERATE_SWIFT_ASSET_SYMBOL_EXTENSIONS = YES;
				CLANG_ANALYZER_NONNULL = YES;
				CLANG_ANALYZER_NUMBER_OBJECT_CONVERSION = YES_AGGRESSIVE;
				CLANG_CXX_LANGUAGE_STANDARD = "gnu++20";
				CLANG_ENABLE_MODULES = YES;
				CLANG_ENABLE_OBJC_ARC = YES;
				CLANG_ENABLE_OBJC_WEAK = YES;
				CLANG_WARN_BLOCK_CAPTURE_AUTORELEASING = YES;
				CLANG_WARN_BOOL_CONVERSION = YES;
				CLANG_WARN_COMMA = YES;
				CLANG_WARN_CONSTANT_CONVERSION = YES;
				CLANG_WARN_DEPRECATED_OBJC_IMPLEMENTATIONS = YES;
				CLANG_WARN_DIRECT_OBJC_ISA_USAGE = YES_ERROR;
				CLANG_WARN_DOCUMENTATION_COMMENTS = YES;
				CLANG_WARN_EMPTY_BODY = YES;
				CLANG_WARN_ENUM_CONVERSION = YES;
				CLANG_WARN_INFINITE_RECURSION = YES;
				CLANG_WARN_INT_CONVERSION = YES;
				CLANG_WARN_NON_LITERAL_NULL_CONVERSION = YES;
				CLANG_WARN_OBJC_IMPLICIT_RETAIN_SELF = YES;
				CLANG_WARN_OBJC_LITERAL_CONVERSION = YES;
				CLANG_WARN_OBJC_ROOT_CLASS = YES_ERROR;
				CLANG_WARN_QUOTED_INCLUDE_IN_FRAMEWORK_HEADER = YES;
				CLANG_WARN_RANGE_LOOP_ANALYSIS = YES;
				CLANG_WARN_STRICT_PROTOTYPES = YES;
				CLANG_WARN_SUSPICIOUS_MOVE = YES;
				CLANG_WARN_UNGUARDED_AVAILABILITY = YES_AGGRESSIVE;
				CLANG_WARN_UNREACHABLE_CODE = YES;
				CLANG_WARN__DUPLICATE_METHOD_MATCH = YES;
				COPY_PHASE_STRIP = NO;
				DEBUG_INFORMATION_FORMAT = dwarf;
				ENABLE_STRICT_OBJC_MSGSEND = YES;
				ENABLE_TESTABILITY = YES;
				ENABLE_USER_SCRIPT_SANDBOXING = YES;
				GCC_C_LANGUAGE_STANDARD = gnu17;
				GCC_DYNAMIC_NO_PIC = NO;
				GCC_NO_COMMON_BLOCKS = YES;
				GCC_OPTIMIZATION_LEVEL = 0;
				GCC_PREPROCESSOR_DEFINITIONS = (
					"DEBUG=1",
					"$(inherited)",
				);
				GCC_WARN_64_TO_32_BIT_CONVERSION = YES;
				GCC_WARN_ABOUT_RETURN_TYPE = YES_ERROR;
				GCC_WARN_UNDECLARED_SELECTOR = YES;
				GCC_WARN_UNINITIALIZED_AUTOS = YES_AGGRESSIVE;
				GCC_WARN_UNUSED_FUNCTION = YES;
				GCC_WARN_UNUSED_VARIABLE = YES;
				IPHONEOS_DEPLOYMENT_TARGET = 18.2;
				LOCALIZATION_PREFERS_STRING_CATALOGS = YES;
				MTL_ENABLE_DEBUG_INFO = INCLUDE_SOURCE;
				MTL_FAST_MATH = YES;
				ONLY_ACTIVE_ARCH = YES;
				SDKROOT = iphoneos;
				SWIFT_ACTIVE_COMPILATION_CONDITIONS = "DEBUG $(inherited)";
				SWIFT_OPTIMIZATION_LEVEL = "-Onone";
			};
			name = Debug;
		};
		11138E5C2D34501C00B6E9B6 /* Release */ = {
			isa = XCBuildConfiguration;
			buildSettings = {
				ALWAYS_SEARCH_USER_PATHS = NO;
				ASSETCATALOG_COMPILER_GENERATE_SWIFT_ASSET_SYMBOL_EXTENSIONS = YES;
				CLANG_ANALYZER_NONNULL = YES;
				CLANG_ANALYZER_NUMBER_OBJECT_CONVERSION = YES_AGGRESSIVE;
				CLANG_CXX_LANGUAGE_STANDARD = "gnu++20";
				CLANG_ENABLE_MODULES = YES;
				CLANG_ENABLE_OBJC_ARC = YES;
				CLANG_ENABLE_OBJC_WEAK = YES;
				CLANG_WARN_BLOCK_CAPTURE_AUTORELEASING = YES;
				CLANG_WARN_BOOL_CONVERSION = YES;
				CLANG_WARN_COMMA = YES;
				CLANG_WARN_CONSTANT_CONVERSION = YES;
				CLANG_WARN_DEPRECATED_OBJC_IMPLEMENTATIONS = YES;
				CLANG_WARN_DIRECT_OBJC_ISA_USAGE = YES_ERROR;
				CLANG_WARN_DOCUMENTATION_COMMENTS = YES;
				CLANG_WARN_EMPTY_BODY = YES;
				CLANG_WARN_ENUM_CONVERSION = YES;
				CLANG_WARN_INFINITE_RECURSION = YES;
				CLANG_WARN_INT_CONVERSION = YES;
				CLANG_WARN_NON_LITERAL_NULL_CONVERSION = YES;
				CLANG_WARN_OBJC_IMPLICIT_RETAIN_SELF = YES;
				CLANG_WARN_OBJC_LITERAL_CONVERSION = YES;
				CLANG_WARN_OBJC_ROOT_CLASS = YES_ERROR;
				CLANG_WARN_QUOTED_INCLUDE_IN_FRAMEWORK_HEADER = YES;
				CLANG_WARN_RANGE_LOOP_ANALYSIS = YES;
				CLANG_WARN_STRICT_PROTOTYPES = YES;
				CLANG_WARN_SUSPICIOUS_MOVE = YES;
				CLANG_WARN_UNGUARDED_AVAILABILITY = YES_AGGRESSIVE;
				CLANG_WARN_UNREACHABLE_CODE = YES;
				CLANG_WARN__DUPLICATE_METHOD_MATCH = YES;
				COPY_PHASE_STRIP = NO;
				DEBUG_INFORMATION_FORMAT = "dwarf-with-dsym";
				ENABLE_NS_ASSERTIONS = NO;
				ENABLE_STRICT_OBJC_MSGSEND = YES;
				ENABLE_USER_SCRIPT_SANDBOXING = YES;
				GCC_C_LANGUAGE_STANDARD = gnu17;
				GCC_NO_COMMON_BLOCKS = YES;
				GCC_WARN_64_TO_32_BIT_CONVERSION = YES;
				GCC_WARN_ABOUT_RETURN_TYPE = YES_ERROR;
				GCC_WARN_UNDECLARED_SELECTOR = YES;
				GCC_WARN_UNINITIALIZED_AUTOS = YES_AGGRESSIVE;
				GCC_WARN_UNUSED_FUNCTION = YES;
				GCC_WARN_UNUSED_VARIABLE = YES;
				IPHONEOS_DEPLOYMENT_TARGET = 18.2;
				LOCALIZATION_PREFERS_STRING_CATALOGS = YES;
				MTL_ENABLE_DEBUG_INFO = NO;
				MTL_FAST_MATH = YES;
				SDKROOT = iphoneos;
				SWIFT_COMPILATION_MODE = wholemodule;
				VALIDATE_PRODUCT = YES;
			};
			name = Release;
		};
		11138E5E2D34501C00B6E9B6 /* Debug */ = {
			isa = XCBuildConfiguration;
			buildSettings = {
				ASSETCATALOG_COMPILER_APPICON_NAME = AppIcon;
				ASSETCATALOG_COMPILER_GLOBAL_ACCENT_COLOR_NAME = AccentColor;
				CODE_SIGN_STYLE = Automatic;
				CURRENT_PROJECT_VERSION = 1;
				DEVELOPMENT_ASSET_PATHS = "\"SS2/Preview Content\"";
				DEVELOPMENT_TEAM = 837Z6X9D9M;
				ENABLE_PREVIEWS = YES;
				GENERATE_INFOPLIST_FILE = YES;
				INFOPLIST_KEY_UIApplicationSceneManifest_Generation = YES;
				INFOPLIST_KEY_UIApplicationSupportsIndirectInputEvents = YES;
				INFOPLIST_KEY_UILaunchScreen_Generation = YES;
				INFOPLIST_KEY_UISupportedInterfaceOrientations_iPad = "UIInterfaceOrientationPortrait UIInterfaceOrientationPortraitUpsideDown UIInterfaceOrientationLandscapeLeft UIInterfaceOrientationLandscapeRight";
				INFOPLIST_KEY_UISupportedInterfaceOrientations_iPhone = "UIInterfaceOrientationPortrait UIInterfaceOrientationLandscapeLeft UIInterfaceOrientationLandscapeRight";
				LD_RUNPATH_SEARCH_PATHS = (
					"$(inherited)",
					"@executable_path/Frameworks",
				);
				MARKETING_VERSION = 1.0;
				OTHER_LDFLAGS = (
					"-Xlinker",
					"-interposable",
				);
				PRODUCT_BUNDLE_IDENTIFIER = generouscorp.SS2;
				PRODUCT_NAME = "$(TARGET_NAME)";
				SWIFT_EMIT_LOC_STRINGS = YES;
				SWIFT_VERSION = 5.0;
				TARGETED_DEVICE_FAMILY = "1,2";
			};
			name = Debug;
		};
		11138E5F2D34501C00B6E9B6 /* Release */ = {
			isa = XCBuildConfiguration;
			buildSettings = {
				ASSETCATALOG_COMPILER_APPICON_NAME = AppIcon;
				ASSETCATALOG_COMPILER_GLOBAL_ACCENT_COLOR_NAME = AccentColor;
				CODE_SIGN_STYLE = Automatic;
				CURRENT_PROJECT_VERSION = 1;
				DEVELOPMENT_ASSET_PATHS = "\"SS2/Preview Content\"";
				DEVELOPMENT_TEAM = 837Z6X9D9M;
				ENABLE_PREVIEWS = YES;
				GENERATE_INFOPLIST_FILE = YES;
				INFOPLIST_KEY_UIApplicationSceneManifest_Generation = YES;
				INFOPLIST_KEY_UIApplicationSupportsIndirectInputEvents = YES;
				INFOPLIST_KEY_UILaunchScreen_Generation = YES;
				INFOPLIST_KEY_UISupportedInterfaceOrientations_iPad = "UIInterfaceOrientationPortrait UIInterfaceOrientationPortraitUpsideDown UIInterfaceOrientationLandscapeLeft UIInterfaceOrientationLandscapeRight";
				INFOPLIST_KEY_UISupportedInterfaceOrientations_iPhone = "UIInterfaceOrientationPortrait UIInterfaceOrientationLandscapeLeft UIInterfaceOrientationLandscapeRight";
				LD_RUNPATH_SEARCH_PATHS = (
					"$(inherited)",
					"@executable_path/Frameworks",
				);
				MARKETING_VERSION = 1.0;
				PRODUCT_BUNDLE_IDENTIFIER = generouscorp.SS2;
				PRODUCT_NAME = "$(TARGET_NAME)";
				SWIFT_EMIT_LOC_STRINGS = YES;
				SWIFT_VERSION = 5.0;
				TARGETED_DEVICE_FAMILY = "1,2";
			};
			name = Release;
		};
		11138E612D34501C00B6E9B6 /* Debug */ = {
			isa = XCBuildConfiguration;
			buildSettings = {
				BUNDLE_LOADER = "$(TEST_HOST)";
				CODE_SIGN_STYLE = Automatic;
				CURRENT_PROJECT_VERSION = 1;
				DEVELOPMENT_TEAM = 837Z6X9D9M;
				GENERATE_INFOPLIST_FILE = YES;
				IPHONEOS_DEPLOYMENT_TARGET = 18.2;
				MARKETING_VERSION = 1.0;
				PRODUCT_BUNDLE_IDENTIFIER = generouscorp.SS2Tests;
				PRODUCT_NAME = "$(TARGET_NAME)";
				SWIFT_EMIT_LOC_STRINGS = NO;
				SWIFT_VERSION = 5.0;
				TARGETED_DEVICE_FAMILY = "1,2";
				TEST_HOST = "$(BUILT_PRODUCTS_DIR)/GGB Weather.app/$(BUNDLE_EXECUTABLE_FOLDER_PATH)/GGB Weather";
			};
			name = Debug;
		};
		11138E622D34501C00B6E9B6 /* Release */ = {
			isa = XCBuildConfiguration;
			buildSettings = {
				BUNDLE_LOADER = "$(TEST_HOST)";
				CODE_SIGN_STYLE = Automatic;
				CURRENT_PROJECT_VERSION = 1;
				DEVELOPMENT_TEAM = 837Z6X9D9M;
				GENERATE_INFOPLIST_FILE = YES;
				IPHONEOS_DEPLOYMENT_TARGET = 18.2;
				MARKETING_VERSION = 1.0;
				PRODUCT_BUNDLE_IDENTIFIER = generouscorp.SS2Tests;
				PRODUCT_NAME = "$(TARGET_NAME)";
				SWIFT_EMIT_LOC_STRINGS = NO;
				SWIFT_VERSION = 5.0;
				TARGETED_DEVICE_FAMILY = "1,2";
				TEST_HOST = "$(BUILT_PRODUCTS_DIR)/GGB Weather.app/$(BUNDLE_EXECUTABLE_FOLDER_PATH)/GGB Weather";
			};
			name = Release;
		};
		11138E642D34501C00B6E9B6 /* Debug */ = {
			isa = XCBuildConfiguration;
			buildSettings = {
				CODE_SIGN_STYLE = Automatic;
				CURRENT_PROJECT_VERSION = 1;
				DEVELOPMENT_TEAM = 837Z6X9D9M;
				GENERATE_INFOPLIST_FILE = YES;
				MARKETING_VERSION = 1.0;
				PRODUCT_BUNDLE_IDENTIFIER = generouscorp.SS2UITests;
				PRODUCT_NAME = "$(TARGET_NAME)";
				SWIFT_EMIT_LOC_STRINGS = NO;
				SWIFT_VERSION = 5.0;
				TARGETED_DEVICE_FAMILY = "1,2";
				TEST_TARGET_NAME = SS2;
			};
			name = Debug;
		};
		11138E652D34501C00B6E9B6 /* Release */ = {
			isa = XCBuildConfiguration;
			buildSettings = {
				CODE_SIGN_STYLE = Automatic;
				CURRENT_PROJECT_VERSION = 1;
				DEVELOPMENT_TEAM = 837Z6X9D9M;
				GENERATE_INFOPLIST_FILE = YES;
				MARKETING_VERSION = 1.0;
				PRODUCT_BUNDLE_IDENTIFIER = generouscorp.SS2UITests;
				PRODUCT_NAME = "$(TARGET_NAME)";
				SWIFT_EMIT_LOC_STRINGS = NO;
				SWIFT_VERSION = 5.0;
				TARGETED_DEVICE_FAMILY = "1,2";
				TEST_TARGET_NAME = SS2;
			};
			name = Release;
		};
/* End XCBuildConfiguration section */

/* Begin XCConfigurationList section */
		110811F22D4D66980016D3AA /* Build configuration list for PBXNativeTarget "GGBWidgetExtension" */ = {
			isa = XCConfigurationList;
			buildConfigurations = (
				110811EF2D4D66980016D3AA /* Debug */,
				110811F02D4D66980016D3AA /* Release */,
			);
			defaultConfigurationIsVisible = 0;
			defaultConfigurationName = Release;
		};
		11138E342D34501B00B6E9B6 /* Build configuration list for PBXProject "GGB Weather" */ = {
			isa = XCConfigurationList;
			buildConfigurations = (
				11138E5B2D34501C00B6E9B6 /* Debug */,
				11138E5C2D34501C00B6E9B6 /* Release */,
			);
			defaultConfigurationIsVisible = 0;
			defaultConfigurationName = Release;
		};
		11138E5D2D34501C00B6E9B6 /* Build configuration list for PBXNativeTarget "GGB Weather" */ = {
			isa = XCConfigurationList;
			buildConfigurations = (
				11138E5E2D34501C00B6E9B6 /* Debug */,
				11138E5F2D34501C00B6E9B6 /* Release */,
			);
			defaultConfigurationIsVisible = 0;
			defaultConfigurationName = Release;
		};
		11138E602D34501C00B6E9B6 /* Build configuration list for PBXNativeTarget "GGB WeatherTests" */ = {
			isa = XCConfigurationList;
			buildConfigurations = (
				11138E612D34501C00B6E9B6 /* Debug */,
				11138E622D34501C00B6E9B6 /* Release */,
			);
			defaultConfigurationIsVisible = 0;
			defaultConfigurationName = Release;
		};
		11138E632D34501C00B6E9B6 /* Build configuration list for PBXNativeTarget "GGB WeatherUITests" */ = {
			isa = XCConfigurationList;
			buildConfigurations = (
				11138E642D34501C00B6E9B6 /* Debug */,
				11138E652D34501C00B6E9B6 /* Release */,
			);
			defaultConfigurationIsVisible = 0;
			defaultConfigurationName = Release;
		};
/* End XCConfigurationList section */

/* Begin XCRemoteSwiftPackageReference section */
		11138E662D3450DA00B6E9B6 /* XCRemoteSwiftPackageReference "Inject" */ = {
			isa = XCRemoteSwiftPackageReference;
			repositoryURL = "https://github.com/krzysztofzablocki/Inject.git";
			requirement = {
				kind = upToNextMajorVersion;
				minimumVersion = 1.5.2;
			};
		};
/* End XCRemoteSwiftPackageReference section */

/* Begin XCSwiftPackageProductDependency section */
		11138E672D3450DA00B6E9B6 /* Inject */ = {
			isa = XCSwiftPackageProductDependency;
			package = 11138E662D3450DA00B6E9B6 /* XCRemoteSwiftPackageReference "Inject" */;
			productName = Inject;
		};
/* End XCSwiftPackageProductDependency section */
	};
	rootObject = 11138E312D34501B00B6E9B6 /* Project object */;
}
